{
  "nodes": {
    "mdbook-nixdoc": {
      "inputs": {
        "nix-github-actions": [
          "zephyr-nix",
          "pyproject-nix",
          "nix-github-actions"
        ],
        "nixpkgs": [
          "zephyr-nix",
          "pyproject-nix",
          "nixpkgs"
        ]
      },
      "locked": {
        "lastModified": 1708395692,
        "narHash": "sha256-smf0VmxGbjJDZqKvxxG3ZVqubgbVwAWG26wPo+BT/A0=",
        "owner": "adisbladis",
        "repo": "mdbook-nixdoc",
        "rev": "d6a71b114b9221c0b4f20d31b81766d072cc26be",
        "type": "github"
      },
      "original": {
        "owner": "adisbladis",
        "repo": "mdbook-nixdoc",
        "type": "github"
      }
    },
    "nix-github-actions": {
      "inputs": {
        "nixpkgs": [
          "zephyr-nix",
          "pyproject-nix",
          "nixpkgs"
        ]
      },
      "locked": {
        "lastModified": 1701208414,
        "narHash": "sha256-xrQ0FyhwTZK6BwKhahIkUVZhMNk21IEI1nUcWSONtpo=",
        "owner": "nix-community",
        "repo": "nix-github-actions",
        "rev": "93e39cc1a087d65bcf7a132e75a650c44dd2b734",
        "type": "github"
      },
      "original": {
        "owner": "nix-community",
        "repo": "nix-github-actions",
        "type": "github"
      }
    },
    "nixpkgs": {
      "locked": {
        "lastModified": 1783389287,
        "narHash": "sha256-0xIy4dVLqq47rA+mRy0hXDfjhQd4E5PoIns/RmB7nR4=",
        "owner": "nixos",
        "repo": "nixpkgs",
        "rev": "0ad6f47ea4fe188f4bc8f0380f93ae8523337c6c",
        "type": "github"
      },
      "original": {
        "owner": "nixos",
        "repo": "nixpkgs",
        "rev": "0ad6f47ea4fe188f4bc8f0380f93ae8523337c6c",
        "type": "github"
      }
    },
    "nixpkgs_2": {
      "locked": {
        "lastModified": 1720535198,
        "narHash": "sha256-zwVvxrdIzralnSbcpghA92tWu2DV2lwv89xZc8MTrbg=",
        "owner": "NixOS",
        "repo": "nixpkgs",
        "rev": "205fd4226592cc83fd4c0885a3e4c9c400efabb5",
        "type": "github"
      },
      "original": {
        "owner": "NixOS",
        "ref": "nixos-23.11",
        "repo": "nixpkgs",
        "type": "github"
      }
    },
    "pyproject-nix": {
      "inputs": {
        "mdbook-nixdoc": "mdbook-nixdoc",
        "nix-github-actions": "nix-github-actions",
        "nixpkgs": [
          "zephyr-nix",
          "nixpkgs"
        ]
      },
      "locked": {
        "lastModified": 1708414356,
        "narHash": "sha256-neHF92cht4G94Ye1j9YgLeqdE0dGL920lQQMLTqNm9A=",
        "owner": "nix-community",
        "repo": "pyproject.nix",
        "rev": "f75d39ce888632500bf4cff2197784929d3ed265",
        "type": "github"
      },
      "original": {
        "owner": "nix-community",
        "repo": "pyproject.nix",
        "type": "github"
      }
    },
    "root": {
      "inputs": {
        "nixpkgs": "nixpkgs",
        "zephyr": "zephyr",
        "zephyr-nix": "zephyr-nix"
      }
    },
    "zephyr": {
      "flake": false,
      "locked": {
        "lastModified": 1755558002,
        "narHash": "sha256-7QpHcotCG+m16PvGdB+aZrU+5p/FSXhmkmtMoUkKqs4=",
        "owner": "zmkfirmware",
        "repo": "zephyr",
        "rev": "dacab4875df72109b96cc8977547a0dc04875bcd",
        "type": "github"
      },
      "original": {
        "owner": "zmkfirmware",
        "repo": "zephyr",
        "rev": "dacab4875df72109b96cc8977547a0dc04875bcd",
        "type": "github"
      }
    },
    "zephyr-nix": {
      "inputs": {
        "nixpkgs": "nixpkgs_2",
        "pyproject-nix": "pyproject-nix",
        "zephyr": [
          "zephyr"
        ]
      },
      "locked": {
        "lastModified": 1723611259,
        "narHash": "sha256-0KpCmM2hOb56EYUTQWgMYdQlrkMeqTC0m9Ou6J5f8/8=",
        "owner": "nix-community",
        "repo": "zephyr-nix",
        "rev": "a12131ec450ea66e9005c668c31c8a055a766ef3",
        "type": "github"
      },
      "original": {
        "owner": "nix-community",
        "repo": "zephyr-nix",
        "rev": "a12131ec450ea66e9005c668c31c8a055a766ef3",
        "type": "github"
      }
    }
  },
  "root": "root",
  "version": 7
}
